// !$*UTF8*$!
{
	archiveVersion = 1;
	classes = {
	};
	objectVersion = 56;
	objects = {

/* Begin PBXBuildFile section */
		94D613022C39D51A009DEF00 /* DeadpoolApp.swift in Sources */ = {isa = PBXBuildFile; fileRef = 94D613012C39D51A009DEF00 /* DeadpoolApp.swift */; };
		94D613042C39D51A009DEF00 /* ContentView.swift in Sources */ = {isa = PBXBuildFile; fileRef = 94D613032C39D51A009DEF00 /* ContentView.swift */; };
		94D613062C39D51D009DEF00 /* Assets.xcassets in Resources */ = {isa = PBXBuildFile; fileRef = 94D613052C39D51D009DEF00 /* Assets.xcassets */; };
		94D613092C39D51D009DEF00 /* Preview Assets.xcassets in Resources */ = {isa = PBXBuildFile; fileRef = 94D613082C39D51D009DEF00 /* Preview Assets.xcassets */; };
		94D613132C39D51D009DEF00 /* DeadpoolTests.swift in Sources */ = {isa = PBXBuildFile; fileRef = 94D613122C39D51D009DEF00 /* DeadpoolTests.swift */; };
		94D6131D2C39D51D009DEF00 /* DeadpoolUITests.swift in Sources */ = {isa = PBXBuildFile; fileRef = 94D6131C2C39D51D009DEF00 /* DeadpoolUITests.swift */; };
		94D6131F2C39D51D009DEF00 /* DeadpoolUITestsLaunchTests.swift in Sources */ = {isa = PBXBuildFile; fileRef = 94D6131E2C39D51D009DEF00 /* DeadpoolUITestsLaunchTests.swift */; };
		94D6132F2C39D779009DEF00 /* Marvel.swift in Sources */ = {isa = PBXBuildFile; fileRef = 94D6132E2C39D778009DEF00 /* Marvel.swift */; };
		94D613302C39D779009DEF00 /* Marvel.swift in Sources */ = {isa = PBXBuildFile; fileRef = 94D6132E2C39D778009DEF00 /* Marvel.swift */; };
		94D613312C39D779009DEF00 /* Marvel.swift in Sources */ = {isa = PBXBuildFile; fileRef = 94D6132E2C39D778009DEF00 /* Marvel.swift */; };
		94D613332C39D7BB009DEF00 /* Comics.swift in Sources */ = {isa = PBXBuildFile; fileRef = 94D613322C39D7BB009DEF00 /* Comics.swift */; };
		94D613342C39D7BB009DEF00 /* Comics.swift in Sources */ = {isa = PBXBuildFile; fileRef = 94D613322C39D7BB009DEF00 /* Comics.swift */; };
		94D613352C39D7BB009DEF00 /* Comics.swift in Sources */ = {isa = PBXBuildFile; fileRef = 94D613322C39D7BB009DEF00 /* Comics.swift */; };
		94D613382C39D7E6009DEF00 /* ComicsResponse.swift in Sources */ = {isa = PBXBuildFile; fileRef = 94D613372C39D7E6009DEF00 /* ComicsResponse.swift */; };
		94D613392C39D7E6009DEF00 /* ComicsResponse.swift in Sources */ = {isa = PBXBuildFile; fileRef = 94D613372C39D7E6009DEF00 /* ComicsResponse.swift */; };
		94D6133A2C39D7E6009DEF00 /* ComicsResponse.swift in Sources */ = {isa = PBXBuildFile; fileRef = 94D613372C39D7E6009DEF00 /* ComicsResponse.swift */; };
		94D6133C2C39D804009DEF00 /* CharactersResponse.swift in Sources */ = {isa = PBXBuildFile; fileRef = 94D6133B2C39D804009DEF00 /* CharactersResponse.swift */; };
		94D6133D2C39D804009DEF00 /* CharactersResponse.swift in Sources */ = {isa = PBXBuildFile; fileRef = 94D6133B2C39D804009DEF00 /* CharactersResponse.swift */; };
		94D6133E2C39D804009DEF00 /* CharactersResponse.swift in Sources */ = {isa = PBXBuildFile; fileRef = 94D6133B2C39D804009DEF00 /* CharactersResponse.swift */; };
		94D613412C39D9F3009DEF00 /* CommonError.swift in Sources */ = {isa = PBXBuildFile; fileRef = 94D613402C39D9F3009DEF00 /* CommonError.swift */; };
		94D613422C39D9F3009DEF00 /* CommonError.swift in Sources */ = {isa = PBXBuildFile; fileRef = 94D613402C39D9F3009DEF00 /* CommonError.swift */; };
		94D613432C39D9F3009DEF00 /* CommonError.swift in Sources */ = {isa = PBXBuildFile; fileRef = 94D613402C39D9F3009DEF00 /* CommonError.swift */; };
		94D613462C39DA1C009DEF00 /* DummyData.swift in Sources */ = {isa = PBXBuildFile; fileRef = 94D613452C39DA1C009DEF00 /* DummyData.swift */; };
		94D613472C39DA1C009DEF00 /* DummyData.swift in Sources */ = {isa = PBXBuildFile; fileRef = 94D613452C39DA1C009DEF00 /* DummyData.swift */; };
		94D613482C39DA1C009DEF00 /* DummyData.swift in Sources */ = {isa = PBXBuildFile; fileRef = 94D613452C39DA1C009DEF00 /* DummyData.swift */; };
		94D6134B2C39DACD009DEF00 /* NetworkLayer.swift in Sources */ = {isa = PBXBuildFile; fileRef = 94D6134A2C39DACD009DEF00 /* NetworkLayer.swift */; };
		94D6134C2C39DACD009DEF00 /* NetworkLayer.swift in Sources */ = {isa = PBXBuildFile; fileRef = 94D6134A2C39DACD009DEF00 /* NetworkLayer.swift */; };
		94D6134D2C39DACD009DEF00 /* NetworkLayer.swift in Sources */ = {isa = PBXBuildFile; fileRef = 94D6134A2C39DACD009DEF00 /* NetworkLayer.swift */; };
		94D6134F2C39DB31009DEF00 /* NetworkLyer+Extension.swift in Sources */ = {isa = PBXBuildFile; fileRef = 94D6134E2C39DB31009DEF00 /* NetworkLyer+Extension.swift */; };
		94D613502C39DB31009DEF00 /* NetworkLyer+Extension.swift in Sources */ = {isa = PBXBuildFile; fileRef = 94D6134E2C39DB31009DEF00 /* NetworkLyer+Extension.swift */; };
		94D613512C39DB31009DEF00 /* NetworkLyer+Extension.swift in Sources */ = {isa = PBXBuildFile; fileRef = 94D6134E2C39DB31009DEF00 /* NetworkLyer+Extension.swift */; };
		94D613542C39DC33009DEF00 /* DummyNetworkLayer.swift in Sources */ = {isa = PBXBuildFile; fileRef = 94D613532C39DC33009DEF00 /* DummyNetworkLayer.swift */; };
		94D613552C39DC33009DEF00 /* DummyNetworkLayer.swift in Sources */ = {isa = PBXBuildFile; fileRef = 94D613532C39DC33009DEF00 /* DummyNetworkLayer.swift */; };
		94D613562C39DC33009DEF00 /* DummyNetworkLayer.swift in Sources */ = {isa = PBXBuildFile; fileRef = 94D613532C39DC33009DEF00 /* DummyNetworkLayer.swift */; };
		94D613592C39DD80009DEF00 /* MarvelListScreen.swift in Sources */ = {isa = PBXBuildFile; fileRef = 94D613582C39DD80009DEF00 /* MarvelListScreen.swift */; };
		94D6135A2C39DD80009DEF00 /* MarvelListScreen.swift in Sources */ = {isa = PBXBuildFile; fileRef = 94D613582C39DD80009DEF00 /* MarvelListScreen.swift */; };
		94D6135B2C39DD80009DEF00 /* MarvelListScreen.swift in Sources */ = {isa = PBXBuildFile; fileRef = 94D613582C39DD80009DEF00 /* MarvelListScreen.swift */; };
		94D6135F2C39DDCD009DEF00 /* MarvelListViewModel.swift in Sources */ = {isa = PBXBuildFile; fileRef = 94D6135E2C39DDCD009DEF00 /* MarvelListViewModel.swift */; };
		94D613602C39DDCD009DEF00 /* MarvelListViewModel.swift in Sources */ = {isa = PBXBuildFile; fileRef = 94D6135E2C39DDCD009DEF00 /* MarvelListViewModel.swift */; };
		94D613612C39DDCD009DEF00 /* MarvelListViewModel.swift in Sources */ = {isa = PBXBuildFile; fileRef = 94D6135E2C39DDCD009DEF00 /* MarvelListViewModel.swift */; };
		94D613632C39DFEA009DEF00 /* MarvelAPI-Keys.plist in Resources */ = {isa = PBXBuildFile; fileRef = 94D613622C39DFEA009DEF00 /* MarvelAPI-Keys.plist */; };
		94D613642C39DFEA009DEF00 /* MarvelAPI-Keys.plist in Resources */ = {isa = PBXBuildFile; fileRef = 94D613622C39DFEA009DEF00 /* MarvelAPI-Keys.plist */; };
		94D613652C39DFEA009DEF00 /* MarvelAPI-Keys.plist in Resources */ = {isa = PBXBuildFile; fileRef = 94D613622C39DFEA009DEF00 /* MarvelAPI-Keys.plist */; };
		94D613682C3A184B009DEF00 /* MarvelItemView.swift in Sources */ = {isa = PBXBuildFile; fileRef = 94D613672C3A184B009DEF00 /* MarvelItemView.swift */; };
		94D613692C3A184B009DEF00 /* MarvelItemView.swift in Sources */ = {isa = PBXBuildFile; fileRef = 94D613672C3A184B009DEF00 /* MarvelItemView.swift */; };
		94D6136A2C3A184B009DEF00 /* MarvelItemView.swift in Sources */ = {isa = PBXBuildFile; fileRef = 94D613672C3A184B009DEF00 /* MarvelItemView.swift */; };
		94D6136C2C3A1955009DEF00 /* MarvelCarouselView.swift in Sources */ = {isa = PBXBuildFile; fileRef = 94D6136B2C3A1955009DEF00 /* MarvelCarouselView.swift */; };
		94D6136D2C3A1955009DEF00 /* MarvelCarouselView.swift in Sources */ = {isa = PBXBuildFile; fileRef = 94D6136B2C3A1955009DEF00 /* MarvelCarouselView.swift */; };
		94D6136E2C3A1955009DEF00 /* MarvelCarouselView.swift in Sources */ = {isa = PBXBuildFile; fileRef = 94D6136B2C3A1955009DEF00 /* MarvelCarouselView.swift */; };
		94D613702C3A5C0D009DEF00 /* MarvelDetailViewModel.swift in Sources */ = {isa = PBXBuildFile; fileRef = 94D6136F2C3A5C0D009DEF00 /* MarvelDetailViewModel.swift */; };
		94D613712C3A5C0D009DEF00 /* MarvelDetailViewModel.swift in Sources */ = {isa = PBXBuildFile; fileRef = 94D6136F2C3A5C0D009DEF00 /* MarvelDetailViewModel.swift */; };
		94D613722C3A5C0D009DEF00 /* MarvelDetailViewModel.swift in Sources */ = {isa = PBXBuildFile; fileRef = 94D6136F2C3A5C0D009DEF00 /* MarvelDetailViewModel.swift */; };
		94D613742C3A5C66009DEF00 /* MarvelDetailScreen.swift in Sources */ = {isa = PBXBuildFile; fileRef = 94D613732C3A5C66009DEF00 /* MarvelDetailScreen.swift */; };
		94D613752C3A5C66009DEF00 /* MarvelDetailScreen.swift in Sources */ = {isa = PBXBuildFile; fileRef = 94D613732C3A5C66009DEF00 /* MarvelDetailScreen.swift */; };
		94D613762C3A5C66009DEF00 /* MarvelDetailScreen.swift in Sources */ = {isa = PBXBuildFile; fileRef = 94D613732C3A5C66009DEF00 /* MarvelDetailScreen.swift */; };
		94D613782C3A5E7E009DEF00 /* ComicsItemView.swift in Sources */ = {isa = PBXBuildFile; fileRef = 94D613772C3A5E7E009DEF00 /* ComicsItemView.swift */; };
		94D613792C3A5E7E009DEF00 /* ComicsItemView.swift in Sources */ = {isa = PBXBuildFile; fileRef = 94D613772C3A5E7E009DEF00 /* ComicsItemView.swift */; };
		94D6137A2C3A5E7E009DEF00 /* ComicsItemView.swift in Sources */ = {isa = PBXBuildFile; fileRef = 94D613772C3A5E7E009DEF00 /* ComicsItemView.swift */; };
		94D6137C2C3A6284009DEF00 /* ComicsCarouselView.swift in Sources */ = {isa = PBXBuildFile; fileRef = 94D6137B2C3A6284009DEF00 /* ComicsCarouselView.swift */; };
		94D6137D2C3A6284009DEF00 /* ComicsCarouselView.swift in Sources */ = {isa = PBXBuildFile; fileRef = 94D6137B2C3A6284009DEF00 /* ComicsCarouselView.swift */; };
		94D6137E2C3A6284009DEF00 /* ComicsCarouselView.swift in Sources */ = {isa = PBXBuildFile; fileRef = 94D6137B2C3A6284009DEF00 /* ComicsCarouselView.swift */; };
		94D613842C3A77CC009DEF00 /* Coordinator.swift in Sources */ = {isa = PBXBuildFile; fileRef = 94D613832C3A77CC009DEF00 /* Coordinator.swift */; };
		94D613852C3A77CC009DEF00 /* Coordinator.swift in Sources */ = {isa = PBXBuildFile; fileRef = 94D613832C3A77CC009DEF00 /* Coordinator.swift */; };
		94D613862C3A77CC009DEF00 /* Coordinator.swift in Sources */ = {isa = PBXBuildFile; fileRef = 94D613832C3A77CC009DEF00 /* Coordinator.swift */; };
/* End PBXBuildFile section */

/* Begin PBXContainerItemProxy section */
		94D6130F2C39D51D009DEF00 /* PBXContainerItemProxy */ = {
			isa = PBXContainerItemProxy;
			containerPortal = 94D612F62C39D51A009DEF00 /* Project object */;
			proxyType = 1;
			remoteGlobalIDString = 94D612FD2C39D51A009DEF00;
			remoteInfo = Deadpool;
		};
		94D613192C39D51D009DEF00 /* PBXContainerItemProxy */ = {
			isa = PBXContainerItemProxy;
			containerPortal = 94D612F62C39D51A009DEF00 /* Project object */;
			proxyType = 1;
			remoteGlobalIDString = 94D612FD2C39D51A009DEF00;
			remoteInfo = Deadpool;
		};
/* End PBXContainerItemProxy section */

/* Begin PBXFileReference section */
		94D612FE2C39D51A009DEF00 /* Deadpool.app */ = {isa = PBXFileReference; explicitFileType = wrapper.application; includeInIndex = 0; path = Deadpool.app; sourceTree = BUILT_PRODUCTS_DIR; };
		94D613012C39D51A009DEF00 /* DeadpoolApp.swift */ = {isa = PBXFileReference; lastKnownFileType = sourcecode.swift; path = DeadpoolApp.swift; sourceTree = "<group>"; };
		94D613032C39D51A009DEF00 /* ContentView.swift */ = {isa = PBXFileReference; lastKnownFileType = sourcecode.swift; path = ContentView.swift; sourceTree = "<group>"; };
		94D613052C39D51D009DEF00 /* Assets.xcassets */ = {isa = PBXFileReference; lastKnownFileType = folder.assetcatalog; path = Assets.xcassets; sourceTree = "<group>"; };
		94D613082C39D51D009DEF00 /* Preview Assets.xcassets */ = {isa = PBXFileReference; lastKnownFileType = folder.assetcatalog; path = "Preview Assets.xcassets"; sourceTree = "<group>"; };
		94D6130E2C39D51D009DEF00 /* DeadpoolTests.xctest */ = {isa = PBXFileReference; explicitFileType = wrapper.cfbundle; includeInIndex = 0; path = DeadpoolTests.xctest; sourceTree = BUILT_PRODUCTS_DIR; };
		94D613122C39D51D009DEF00 /* DeadpoolTests.swift */ = {isa = PBXFileReference; lastKnownFileType = sourcecode.swift; path = DeadpoolTests.swift; sourceTree = "<group>"; };
		94D613182C39D51D009DEF00 /* DeadpoolUITests.xctest */ = {isa = PBXFileReference; explicitFileType = wrapper.cfbundle; includeInIndex = 0; path = DeadpoolUITests.xctest; sourceTree = BUILT_PRODUCTS_DIR; };
		94D6131C2C39D51D009DEF00 /* DeadpoolUITests.swift */ = {isa = PBXFileReference; lastKnownFileType = sourcecode.swift; path = DeadpoolUITests.swift; sourceTree = "<group>"; };
		94D6131E2C39D51D009DEF00 /* DeadpoolUITestsLaunchTests.swift */ = {isa = PBXFileReference; lastKnownFileType = sourcecode.swift; path = DeadpoolUITestsLaunchTests.swift; sourceTree = "<group>"; };
		94D6132E2C39D778009DEF00 /* Marvel.swift */ = {isa = PBXFileReference; lastKnownFileType = sourcecode.swift; path = Marvel.swift; sourceTree = "<group>"; };
		94D613322C39D7BB009DEF00 /* Comics.swift */ = {isa = PBXFileReference; lastKnownFileType = sourcecode.swift; path = Comics.swift; sourceTree = "<group>"; };
		94D613372C39D7E6009DEF00 /* ComicsResponse.swift */ = {isa = PBXFileReference; lastKnownFileType = sourcecode.swift; path = ComicsResponse.swift; sourceTree = "<group>"; };
		94D6133B2C39D804009DEF00 /* CharactersResponse.swift */ = {isa = PBXFileReference; lastKnownFileType = sourcecode.swift; path = CharactersResponse.swift; sourceTree = "<group>"; };
		94D613402C39D9F3009DEF00 /* CommonError.swift */ = {isa = PBXFileReference; lastKnownFileType = sourcecode.swift; path = CommonError.swift; sourceTree = "<group>"; };
		94D613452C39DA1C009DEF00 /* DummyData.swift */ = {isa = PBXFileReference; lastKnownFileType = sourcecode.swift; path = DummyData.swift; sourceTree = "<group>"; };
		94D6134A2C39DACD009DEF00 /* NetworkLayer.swift */ = {isa = PBXFileReference; lastKnownFileType = sourcecode.swift; path = NetworkLayer.swift; sourceTree = "<group>"; };
		94D6134E2C39DB31009DEF00 /* NetworkLyer+Extension.swift */ = {isa = PBXFileReference; lastKnownFileType = sourcecode.swift; path = "NetworkLyer+Extension.swift"; sourceTree = "<group>"; };
		94D613532C39DC33009DEF00 /* DummyNetworkLayer.swift */ = {isa = PBXFileReference; lastKnownFileType = sourcecode.swift; path = DummyNetworkLayer.swift; sourceTree = "<group>"; };
		94D613582C39DD80009DEF00 /* MarvelListScreen.swift */ = {isa = PBXFileReference; lastKnownFileType = sourcecode.swift; path = MarvelListScreen.swift; sourceTree = "<group>"; };
		94D6135E2C39DDCD009DEF00 /* MarvelListViewModel.swift */ = {isa = PBXFileReference; lastKnownFileType = sourcecode.swift; path = MarvelListViewModel.swift; sourceTree = "<group>"; };
		94D613622C39DFEA009DEF00 /* MarvelAPI-Keys.plist */ = {isa = PBXFileReference; fileEncoding = 4; lastKnownFileType = text.plist.xml; path = "MarvelAPI-Keys.plist"; sourceTree = "<group>"; };
		94D613672C3A184B009DEF00 /* MarvelItemView.swift */ = {isa = PBXFileReference; lastKnownFileType = sourcecode.swift; path = MarvelItemView.swift; sourceTree = "<group>"; };
		94D6136B2C3A1955009DEF00 /* MarvelCarouselView.swift */ = {isa = PBXFileReference; lastKnownFileType = sourcecode.swift; path = MarvelCarouselView.swift; sourceTree = "<group>"; };
		94D6136F2C3A5C0D009DEF00 /* MarvelDetailViewModel.swift */ = {isa = PBXFileReference; lastKnownFileType = sourcecode.swift; path = MarvelDetailViewModel.swift; sourceTree = "<group>"; };
		94D613732C3A5C66009DEF00 /* MarvelDetailScreen.swift */ = {isa = PBXFileReference; lastKnownFileType = sourcecode.swift; path = MarvelDetailScreen.swift; sourceTree = "<group>"; };
		94D613772C3A5E7E009DEF00 /* ComicsItemView.swift */ = {isa = PBXFileReference; lastKnownFileType = sourcecode.swift; path = ComicsItemView.swift; sourceTree = "<group>"; };
		94D6137B2C3A6284009DEF00 /* ComicsCarouselView.swift */ = {isa = PBXFileReference; lastKnownFileType = sourcecode.swift; path = ComicsCarouselView.swift; sourceTree = "<group>"; };
		94D613832C3A77CC009DEF00 /* Coordinator.swift */ = {isa = PBXFileReference; lastKnownFileType = sourcecode.swift; path = Coordinator.swift; sourceTree = "<group>"; };
/* End PBXFileReference section */

/* Begin PBXFrameworksBuildPhase section */
		94D612FB2C39D51A009DEF00 /* Frameworks */ = {
			isa = PBXFrameworksBuildPhase;
			buildActionMask = 2147483647;
			files = (
			);
			runOnlyForDeploymentPostprocessing = 0;
		};
		94D6130B2C39D51D009DEF00 /* Frameworks */ = {
			isa = PBXFrameworksBuildPhase;
			buildActionMask = 2147483647;
			files = (
			);
			runOnlyForDeploymentPostprocessing = 0;
		};
		94D613152C39D51D009DEF00 /* Frameworks */ = {
			isa = PBXFrameworksBuildPhase;
			buildActionMask = 2147483647;
			files = (
			);
			runOnlyForDeploymentPostprocessing = 0;
		};
/* End PBXFrameworksBuildPhase section */

/* Begin PBXGroup section */
		94D612F52C39D51A009DEF00 = {
			isa = PBXGroup;
			children = (
				94D613002C39D51A009DEF00 /* Deadpool */,
				94D6132B2C39D6F8009DEF00 /* DeadpoolShared */,
				94D613112C39D51D009DEF00 /* DeadpoolTests */,
				94D6131B2C39D51D009DEF00 /* DeadpoolUITests */,
				94D612FF2C39D51A009DEF00 /* Products */,
			);
			sourceTree = "<group>";
		};
		94D612FF2C39D51A009DEF00 /* Products */ = {
			isa = PBXGroup;
			children = (
				94D612FE2C39D51A009DEF00 /* Deadpool.app */,
				94D6130E2C39D51D009DEF00 /* DeadpoolTests.xctest */,
				94D613182C39D51D009DEF00 /* DeadpoolUITests.xctest */,
			);
			name = Products;
			sourceTree = "<group>";
		};
		94D613002C39D51A009DEF00 /* Deadpool */ = {
			isa = PBXGroup;
			children = (
				94D613622C39DFEA009DEF00 /* MarvelAPI-Keys.plist */,
				94D613802C3A7715009DEF00 /* App */,
				94D613822C3A77BC009DEF00 /* Coordinator */,
				94D613072C39D51D009DEF00 /* Preview Content */,
				94D613812C3A7721009DEF00 /* Resources */,
				94D613572C39DD60009DEF00 /* UI */,
				94D613662C3A17A0009DEF00 /* Views */,
			);
			path = Deadpool;
			sourceTree = "<group>";
		};
		94D613072C39D51D009DEF00 /* Preview Content */ = {
			isa = PBXGroup;
			children = (
				94D613082C39D51D009DEF00 /* Preview Assets.xcassets */,
			);
			path = "Preview Content";
			sourceTree = "<group>";
		};
		94D613112C39D51D009DEF00 /* DeadpoolTests */ = {
			isa = PBXGroup;
			children = (
				94D613122C39D51D009DEF00 /* DeadpoolTests.swift */,
			);
			path = DeadpoolTests;
			sourceTree = "<group>";
		};
		94D6131B2C39D51D009DEF00 /* DeadpoolUITests */ = {
			isa = PBXGroup;
			children = (
				94D6131C2C39D51D009DEF00 /* DeadpoolUITests.swift */,
				94D6131E2C39D51D009DEF00 /* DeadpoolUITestsLaunchTests.swift */,
			);
			path = DeadpoolUITests;
			sourceTree = "<group>";
		};
		94D6132B2C39D6F8009DEF00 /* DeadpoolShared */ = {
			isa = PBXGroup;
			children = (
				94D6133F2C39D825009DEF00 /* Model */,
				94D6132C2C39D74C009DEF00 /* Network */,
			);
			path = DeadpoolShared;
			sourceTree = "<group>";
		};
		94D6132C2C39D74C009DEF00 /* Network */ = {
			isa = PBXGroup;
			children = (
				94D6134A2C39DACD009DEF00 /* NetworkLayer.swift */,
				94D6134E2C39DB31009DEF00 /* NetworkLyer+Extension.swift */,
				94D613442C39DA09009DEF00 /* DummyData */,
				94D613522C39DC15009DEF00 /* DummyNetworkLayer */,
				94D613492C39DA34009DEF00 /* Error */,
			);
			name = Network;
			sourceTree = "<group>";
		};
		94D6132D2C39D752009DEF00 /* Model Objects */ = {
			isa = PBXGroup;
			children = (
				94D6132E2C39D778009DEF00 /* Marvel.swift */,
				94D613322C39D7BB009DEF00 /* Comics.swift */,
			);
			path = "Model Objects";
			sourceTree = "<group>";
		};
		94D613362C39D7DB009DEF00 /* Data Transfer Objects */ = {
			isa = PBXGroup;
			children = (
				94D613372C39D7E6009DEF00 /* ComicsResponse.swift */,
				94D6133B2C39D804009DEF00 /* CharactersResponse.swift */,
			);
			name = "Data Transfer Objects";
			path = ..;
			sourceTree = "<group>";
		};
		94D6133F2C39D825009DEF00 /* Model */ = {
			isa = PBXGroup;
			children = (
				94D613362C39D7DB009DEF00 /* Data Transfer Objects */,
				94D6132D2C39D752009DEF00 /* Model Objects */,
			);
			path = Model;
			sourceTree = "<group>";
		};
		94D613442C39DA09009DEF00 /* DummyData */ = {
			isa = PBXGroup;
			children = (
				94D613452C39DA1C009DEF00 /* DummyData.swift */,
			);
			path = DummyData;
			sourceTree = "<group>";
		};
		94D613492C39DA34009DEF00 /* Error */ = {
			isa = PBXGroup;
			children = (
				94D613402C39D9F3009DEF00 /* CommonError.swift */,
			);
			name = Error;
			sourceTree = "<group>";
		};
		94D613522C39DC15009DEF00 /* DummyNetworkLayer */ = {
			isa = PBXGroup;
			children = (
				94D613532C39DC33009DEF00 /* DummyNetworkLayer.swift */,
			);
			name = DummyNetworkLayer;
			sourceTree = "<group>";
		};
		94D613572C39DD60009DEF00 /* UI */ = {
			isa = PBXGroup;
			children = (
				94D6137F2C3A76E6009DEF00 /* Home */,
				94D6135C2C39DD8B009DEF00 /* Marvel List */,
				94D6135D2C39DDA8009DEF00 /* Mervel Details */,
			);
			name = UI;
			sourceTree = "<group>";
		};
		94D6135C2C39DD8B009DEF00 /* Marvel List */ = {
			isa = PBXGroup;
			children = (
				94D613582C39DD80009DEF00 /* MarvelListScreen.swift */,
				94D6135E2C39DDCD009DEF00 /* MarvelListViewModel.swift */,
			);
			path = "Marvel List";
			sourceTree = "<group>";
		};
		94D6135D2C39DDA8009DEF00 /* Mervel Details */ = {
			isa = PBXGroup;
			children = (
				94D6136F2C3A5C0D009DEF00 /* MarvelDetailViewModel.swift */,
				94D613732C3A5C66009DEF00 /* MarvelDetailScreen.swift */,
			);
			name = "Mervel Details";
			sourceTree = "<group>";
		};
		94D613662C3A17A0009DEF00 /* Views */ = {
			isa = PBXGroup;
			children = (
				94D613672C3A184B009DEF00 /* MarvelItemView.swift */,
				94D6136B2C3A1955009DEF00 /* MarvelCarouselView.swift */,
				94D613772C3A5E7E009DEF00 /* ComicsItemView.swift */,
				94D6137B2C3A6284009DEF00 /* ComicsCarouselView.swift */,
			);
			name = Views;
			sourceTree = "<group>";
		};
		94D6137F2C3A76E6009DEF00 /* Home */ = {
			isa = PBXGroup;
			children = (
				94D613032C39D51A009DEF00 /* ContentView.swift */,
			);
			name = Home;
			sourceTree = "<group>";
		};
		94D613802C3A7715009DEF00 /* App */ = {
			isa = PBXGroup;
			children = (
				94D613012C39D51A009DEF00 /* DeadpoolApp.swift */,
			);
			path = App;
			sourceTree = "<group>";
		};
		94D613812C3A7721009DEF00 /* Resources */ = {
			isa = PBXGroup;
			children = (
				94D613052C39D51D009DEF00 /* Assets.xcassets */,
			);
			name = Resources;
			sourceTree = "<group>";
		};
		94D613822C3A77BC009DEF00 /* Coordinator */ = {
			isa = PBXGroup;
			children = (
				94D613832C3A77CC009DEF00 /* Coordinator.swift */,
			);
			path = Coordinator;
			sourceTree = "<group>";
		};
/* End PBXGroup section */

/* Begin PBXNativeTarget section */
		94D612FD2C39D51A009DEF00 /* Deadpool */ = {
			isa = PBXNativeTarget;
			buildConfigurationList = 94D613222C39D51D009DEF00 /* Build configuration list for PBXNativeTarget "Deadpool" */;
			buildPhases = (
				94D612FA2C39D51A009DEF00 /* Sources */,
				94D612FB2C39D51A009DEF00 /* Frameworks */,
				94D612FC2C39D51A009DEF00 /* Resources */,
			);
			buildRules = (
			);
			dependencies = (
			);
			name = Deadpool;
			productName = Deadpool;
			productReference = 94D612FE2C39D51A009DEF00 /* Deadpool.app */;
			productType = "com.apple.product-type.application";
		};
		94D6130D2C39D51D009DEF00 /* DeadpoolTests */ = {
			isa = PBXNativeTarget;
			buildConfigurationList = 94D613252C39D51D009DEF00 /* Build configuration list for PBXNativeTarget "DeadpoolTests" */;
			buildPhases = (
				94D6130A2C39D51D009DEF00 /* Sources */,
				94D6130B2C39D51D009DEF00 /* Frameworks */,
				94D6130C2C39D51D009DEF00 /* Resources */,
			);
			buildRules = (
			);
			dependencies = (
				94D613102C39D51D009DEF00 /* PBXTargetDependency */,
			);
			name = DeadpoolTests;
			productName = DeadpoolTests;
			productReference = 94D6130E2C39D51D009DEF00 /* DeadpoolTests.xctest */;
			productType = "com.apple.product-type.bundle.unit-test";
		};
		94D613172C39D51D009DEF00 /* DeadpoolUITests */ = {
			isa = PBXNativeTarget;
			buildConfigurationList = 94D613282C39D51D009DEF00 /* Build configuration list for PBXNativeTarget "DeadpoolUITests" */;
			buildPhases = (
				94D613142C39D51D009DEF00 /* Sources */,
				94D613152C39D51D009DEF00 /* Frameworks */,
				94D613162C39D51D009DEF00 /* Resources */,
			);
			buildRules = (
			);
			dependencies = (
				94D6131A2C39D51D009DEF00 /* PBXTargetDependency */,
			);
			name = DeadpoolUITests;
			productName = DeadpoolUITests;
			productReference = 94D613182C39D51D009DEF00 /* DeadpoolUITests.xctest */;
			productType = "com.apple.product-type.bundle.ui-testing";
		};
/* End PBXNativeTarget section */

/* Begin PBXProject section */
		94D612F62C39D51A009DEF00 /* Project object */ = {
			isa = PBXProject;
			attributes = {
				BuildIndependentTargetsInParallel = 1;
				LastSwiftUpdateCheck = 1530;
				LastUpgradeCheck = 1530;
				TargetAttributes = {
					94D612FD2C39D51A009DEF00 = {
						CreatedOnToolsVersion = 15.3;
					};
					94D6130D2C39D51D009DEF00 = {
						CreatedOnToolsVersion = 15.3;
						TestTargetID = 94D612FD2C39D51A009DEF00;
					};
					94D613172C39D51D009DEF00 = {
						CreatedOnToolsVersion = 15.3;
						TestTargetID = 94D612FD2C39D51A009DEF00;
					};
				};
			};
			buildConfigurationList = 94D612F92C39D51A009DEF00 /* Build configuration list for PBXProject "Deadpool" */;
			compatibilityVersion = "Xcode 14.0";
			developmentRegion = en;
			hasScannedForEncodings = 0;
			knownRegions = (
				en,
				Base,
			);
			mainGroup = 94D612F52C39D51A009DEF00;
			productRefGroup = 94D612FF2C39D51A009DEF00 /* Products */;
			projectDirPath = "";
			projectRoot = "";
			targets = (
				94D612FD2C39D51A009DEF00 /* Deadpool */,
				94D6130D2C39D51D009DEF00 /* DeadpoolTests */,
				94D613172C39D51D009DEF00 /* DeadpoolUITests */,
			);
		};
/* End PBXProject section */

/* Begin PBXResourcesBuildPhase section */
		94D612FC2C39D51A009DEF00 /* Resources */ = {
			isa = PBXResourcesBuildPhase;
			buildActionMask = 2147483647;
			files = (
				94D613632C39DFEA009DEF00 /* MarvelAPI-Keys.plist in Resources */,
				94D613092C39D51D009DEF00 /* Preview Assets.xcassets in Resources */,
				94D613062C39D51D009DEF00 /* Assets.xcassets in Resources */,
			);
			runOnlyForDeploymentPostprocessing = 0;
		};
		94D6130C2C39D51D009DEF00 /* Resources */ = {
			isa = PBXResourcesBuildPhase;
			buildActionMask = 2147483647;
			files = (
				94D613642C39DFEA009DEF00 /* MarvelAPI-Keys.plist in Resources */,
			);
			runOnlyForDeploymentPostprocessing = 0;
		};
		94D613162C39D51D009DEF00 /* Resources */ = {
			isa = PBXResourcesBuildPhase;
			buildActionMask = 2147483647;
			files = (
				94D613652C39DFEA009DEF00 /* MarvelAPI-Keys.plist in Resources */,
			);
			runOnlyForDeploymentPostprocessing = 0;
		};
/* End PBXResourcesBuildPhase section */

/* Begin PBXSourcesBuildPhase section */
		94D612FA2C39D51A009DEF00 /* Sources */ = {
			isa = PBXSourcesBuildPhase;
			buildActionMask = 2147483647;
			files = (
				94D6134B2C39DACD009DEF00 /* NetworkLayer.swift in Sources */,
				94D613462C39DA1C009DEF00 /* DummyData.swift in Sources */,
				94D6135F2C39DDCD009DEF00 /* MarvelListViewModel.swift in Sources */,
				94D6133C2C39D804009DEF00 /* CharactersResponse.swift in Sources */,
				94D613412C39D9F3009DEF00 /* CommonError.swift in Sources */,
				94D613782C3A5E7E009DEF00 /* ComicsItemView.swift in Sources */,
				94D613592C39DD80009DEF00 /* MarvelListScreen.swift in Sources */,
				94D6134F2C39DB31009DEF00 /* NetworkLyer+Extension.swift in Sources */,
				94D6132F2C39D779009DEF00 /* Marvel.swift in Sources */,
				94D613682C3A184B009DEF00 /* MarvelItemView.swift in Sources */,
				94D6137C2C3A6284009DEF00 /* ComicsCarouselView.swift in Sources */,
				94D613382C39D7E6009DEF00 /* ComicsResponse.swift in Sources */,
				94D613842C3A77CC009DEF00 /* Coordinator.swift in Sources */,
				94D613542C39DC33009DEF00 /* DummyNetworkLayer.swift in Sources */,
				94D613332C39D7BB009DEF00 /* Comics.swift in Sources */,
				94D613742C3A5C66009DEF00 /* MarvelDetailScreen.swift in Sources */,
				94D613702C3A5C0D009DEF00 /* MarvelDetailViewModel.swift in Sources */,
				94D613042C39D51A009DEF00 /* ContentView.swift in Sources */,
				94D6136C2C3A1955009DEF00 /* MarvelCarouselView.swift in Sources */,
				94D613022C39D51A009DEF00 /* DeadpoolApp.swift in Sources */,
			);
			runOnlyForDeploymentPostprocessing = 0;
		};
		94D6130A2C39D51D009DEF00 /* Sources */ = {
			isa = PBXSourcesBuildPhase;
			buildActionMask = 2147483647;
			files = (
				94D613392C39D7E6009DEF00 /* ComicsResponse.swift in Sources */,
				94D613422C39D9F3009DEF00 /* CommonError.swift in Sources */,
				94D613302C39D779009DEF00 /* Marvel.swift in Sources */,
				94D613472C39DA1C009DEF00 /* DummyData.swift in Sources */,
				94D6137D2C3A6284009DEF00 /* ComicsCarouselView.swift in Sources */,
				94D6134C2C39DACD009DEF00 /* NetworkLayer.swift in Sources */,
				94D613852C3A77CC009DEF00 /* Coordinator.swift in Sources */,
				94D613132C39D51D009DEF00 /* DeadpoolTests.swift in Sources */,
				94D613342C39D7BB009DEF00 /* Comics.swift in Sources */,
				94D6135A2C39DD80009DEF00 /* MarvelListScreen.swift in Sources */,
				94D613502C39DB31009DEF00 /* NetworkLyer+Extension.swift in Sources */,
				94D613792C3A5E7E009DEF00 /* ComicsItemView.swift in Sources */,
				94D613692C3A184B009DEF00 /* MarvelItemView.swift in Sources */,
				94D6133D2C39D804009DEF00 /* CharactersResponse.swift in Sources */,
				94D613712C3A5C0D009DEF00 /* MarvelDetailViewModel.swift in Sources */,
				94D6136D2C3A1955009DEF00 /* MarvelCarouselView.swift in Sources */,
				94D613752C3A5C66009DEF00 /* MarvelDetailScreen.swift in Sources */,
				94D613552C39DC33009DEF00 /* DummyNetworkLayer.swift in Sources */,
				94D613602C39DDCD009DEF00 /* MarvelListViewModel.swift in Sources */,
			);
			runOnlyForDeploymentPostprocessing = 0;
		};
		94D613142C39D51D009DEF00 /* Sources */ = {
			isa = PBXSourcesBuildPhase;
			buildActionMask = 2147483647;
			files = (
				94D6134D2C39DACD009DEF00 /* NetworkLayer.swift in Sources */,
				94D613482C39DA1C009DEF00 /* DummyData.swift in Sources */,
				94D613612C39DDCD009DEF00 /* MarvelListViewModel.swift in Sources */,
				94D6133E2C39D804009DEF00 /* CharactersResponse.swift in Sources */,
				94D613432C39D9F3009DEF00 /* CommonError.swift in Sources */,
				94D6137A2C3A5E7E009DEF00 /* ComicsItemView.swift in Sources */,
				94D6135B2C39DD80009DEF00 /* MarvelListScreen.swift in Sources */,
				94D613512C39DB31009DEF00 /* NetworkLyer+Extension.swift in Sources */,
				94D613312C39D779009DEF00 /* Marvel.swift in Sources */,
				94D6136A2C3A184B009DEF00 /* MarvelItemView.swift in Sources */,
				94D6137E2C3A6284009DEF00 /* ComicsCarouselView.swift in Sources */,
				94D6133A2C39D7E6009DEF00 /* ComicsResponse.swift in Sources */,
				94D613862C3A77CC009DEF00 /* Coordinator.swift in Sources */,
				94D613562C39DC33009DEF00 /* DummyNetworkLayer.swift in Sources */,
				94D613352C39D7BB009DEF00 /* Comics.swift in Sources */,
				94D613762C3A5C66009DEF00 /* MarvelDetailScreen.swift in Sources */,
				94D613722C3A5C0D009DEF00 /* MarvelDetailViewModel.swift in Sources */,
				94D6131F2C39D51D009DEF00 /* DeadpoolUITestsLaunchTests.swift in Sources */,
				94D6136E2C3A1955009DEF00 /* MarvelCarouselView.swift in Sources */,
				94D6131D2C39D51D009DEF00 /* DeadpoolUITests.swift in Sources */,
			);
			runOnlyForDeploymentPostprocessing = 0;
		};
/* End PBXSourcesBuildPhase section */

/* Begin PBXTargetDependency section */
		94D613102C39D51D009DEF00 /* PBXTargetDependency */ = {
			isa = PBXTargetDependency;
			target = 94D612FD2C39D51A009DEF00 /* Deadpool */;
			targetProxy = 94D6130F2C39D51D009DEF00 /* PBXContainerItemProxy */;
		};
		94D6131A2C39D51D009DEF00 /* PBXTargetDependency */ = {
			isa = PBXTargetDependency;
			target = 94D612FD2C39D51A009DEF00 /* Deadpool */;
			targetProxy = 94D613192C39D51D009DEF00 /* PBXContainerItemProxy */;
		};
/* End PBXTargetDependency section */

/* Begin XCBuildConfiguration section */
		94D613202C39D51D009DEF00 /* Debug */ = {
			isa = XCBuildConfiguration;
			buildSettings = {
				ALWAYS_SEARCH_USER_PATHS = NO;
				ASSETCATALOG_COMPILER_GENERATE_SWIFT_ASSET_SYMBOL_EXTENSIONS = YES;
				CLANG_ANALYZER_NONNULL = YES;
				CLANG_ANALYZER_NUMBER_OBJECT_CONVERSION = YES_AGGRESSIVE;
				CLANG_CXX_LANGUAGE_STANDARD = "gnu++20";
				CLANG_ENABLE_MODULES = YES;
				CLANG_ENABLE_OBJC_ARC = YES;
				CLANG_ENABLE_OBJC_WEAK = YES;
				CLANG_WARN_BLOCK_CAPTURE_AUTORELEASING = YES;
				CLANG_WARN_BOOL_CONVERSION = YES;
				CLANG_WARN_COMMA = YES;
				CLANG_WARN_CONSTANT_CONVERSION = YES;
				CLANG_WARN_DEPRECATED_OBJC_IMPLEMENTATIONS = YES;
				CLANG_WARN_DIRECT_OBJC_ISA_USAGE = YES_ERROR;
				CLANG_WARN_DOCUMENTATION_COMMENTS = YES;
				CLANG_WARN_EMPTY_BODY = YES;
				CLANG_WARN_ENUM_CONVERSION = YES;
				CLANG_WARN_INFINITE_RECURSION = YES;
				CLANG_WARN_INT_CONVERSION = YES;
				CLANG_WARN_NON_LITERAL_NULL_CONVERSION = YES;
				CLANG_WARN_OBJC_IMPLICIT_RETAIN_SELF = YES;
				CLANG_WARN_OBJC_LITERAL_CONVERSION = YES;
				CLANG_WARN_OBJC_ROOT_CLASS = YES_ERROR;
				CLANG_WARN_QUOTED_INCLUDE_IN_FRAMEWORK_HEADER = YES;
				CLANG_WARN_RANGE_LOOP_ANALYSIS = YES;
				CLANG_WARN_STRICT_PROTOTYPES = YES;
				CLANG_WARN_SUSPICIOUS_MOVE = YES;
				CLANG_WARN_UNGUARDED_AVAILABILITY = YES_AGGRESSIVE;
				CLANG_WARN_UNREACHABLE_CODE = YES;
				CLANG_WARN__DUPLICATE_METHOD_MATCH = YES;
				COPY_PHASE_STRIP = NO;
				DEBUG_INFORMATION_FORMAT = dwarf;
				ENABLE_STRICT_OBJC_MSGSEND = YES;
				ENABLE_TESTABILITY = YES;
				ENABLE_USER_SCRIPT_SANDBOXING = YES;
				GCC_C_LANGUAGE_STANDARD = gnu17;
				GCC_DYNAMIC_NO_PIC = NO;
				GCC_NO_COMMON_BLOCKS = YES;
				GCC_OPTIMIZATION_LEVEL = 0;
				GCC_PREPROCESSOR_DEFINITIONS = (
					"DEBUG=1",
					"$(inherited)",
				);
				GCC_WARN_64_TO_32_BIT_CONVERSION = YES;
				GCC_WARN_ABOUT_RETURN_TYPE = YES_ERROR;
				GCC_WARN_UNDECLARED_SELECTOR = YES;
				GCC_WARN_UNINITIALIZED_AUTOS = YES_AGGRESSIVE;
				GCC_WARN_UNUSED_FUNCTION = YES;
				GCC_WARN_UNUSED_VARIABLE = YES;
				LOCALIZATION_PREFERS_STRING_CATALOGS = YES;
				MTL_ENABLE_DEBUG_INFO = INCLUDE_SOURCE;
				MTL_FAST_MATH = YES;
				ONLY_ACTIVE_ARCH = YES;
				SDKROOT = appletvos;
				SWIFT_ACTIVE_COMPILATION_CONDITIONS = "DEBUG $(inherited)";
				SWIFT_OPTIMIZATION_LEVEL = "-Onone";
				TVOS_DEPLOYMENT_TARGET = 17.4;
			};
			name = Debug;
		};
		94D613212C39D51D009DEF00 /* Release */ = {
			isa = XCBuildConfiguration;
			buildSettings = {
				ALWAYS_SEARCH_USER_PATHS = NO;
				ASSETCATALOG_COMPILER_GENERATE_SWIFT_ASSET_SYMBOL_EXTENSIONS = YES;
				CLANG_ANALYZER_NONNULL = YES;
				CLANG_ANALYZER_NUMBER_OBJECT_CONVERSION = YES_AGGRESSIVE;
				CLANG_CXX_LANGUAGE_STANDARD = "gnu++20";
				CLANG_ENABLE_MODULES = YES;
				CLANG_ENABLE_OBJC_ARC = YES;
				CLANG_ENABLE_OBJC_WEAK = YES;
				CLANG_WARN_BLOCK_CAPTURE_AUTORELEASING = YES;
				CLANG_WARN_BOOL_CONVERSION = YES;
				CLANG_WARN_COMMA = YES;
				CLANG_WARN_CONSTANT_CONVERSION = YES;
				CLANG_WARN_DEPRECATED_OBJC_IMPLEMENTATIONS = YES;
				CLANG_WARN_DIRECT_OBJC_ISA_USAGE = YES_ERROR;
				CLANG_WARN_DOCUMENTATION_COMMENTS = YES;
				CLANG_WARN_EMPTY_BODY = YES;
				CLANG_WARN_ENUM_CONVERSION = YES;
				CLANG_WARN_INFINITE_RECURSION = YES;
				CLANG_WARN_INT_CONVERSION = YES;
				CLANG_WARN_NON_LITERAL_NULL_CONVERSION = YES;
				CLANG_WARN_OBJC_IMPLICIT_RETAIN_SELF = YES;
				CLANG_WARN_OBJC_LITERAL_CONVERSION = YES;
				CLANG_WARN_OBJC_ROOT_CLASS = YES_ERROR;
				CLANG_WARN_QUOTED_INCLUDE_IN_FRAMEWORK_HEADER = YES;
				CLANG_WARN_RANGE_LOOP_ANALYSIS = YES;
				CLANG_WARN_STRICT_PROTOTYPES = YES;
				CLANG_WARN_SUSPICIOUS_MOVE = YES;
				CLANG_WARN_UNGUARDED_AVAILABILITY = YES_AGGRESSIVE;
				CLANG_WARN_UNREACHABLE_CODE = YES;
				CLANG_WARN__DUPLICATE_METHOD_MATCH = YES;
				COPY_PHASE_STRIP = NO;
				DEBUG_INFORMATION_FORMAT = "dwarf-with-dsym";
				ENABLE_NS_ASSERTIONS = NO;
				ENABLE_STRICT_OBJC_MSGSEND = YES;
				ENABLE_USER_SCRIPT_SANDBOXING = YES;
				GCC_C_LANGUAGE_STANDARD = gnu17;
				GCC_NO_COMMON_BLOCKS = YES;
				GCC_WARN_64_TO_32_BIT_CONVERSION = YES;
				GCC_WARN_ABOUT_RETURN_TYPE = YES_ERROR;
				GCC_WARN_UNDECLARED_SELECTOR = YES;
				GCC_WARN_UNINITIALIZED_AUTOS = YES_AGGRESSIVE;
				GCC_WARN_UNUSED_FUNCTION = YES;
				GCC_WARN_UNUSED_VARIABLE = YES;
				LOCALIZATION_PREFERS_STRING_CATALOGS = YES;
				MTL_ENABLE_DEBUG_INFO = NO;
				MTL_FAST_MATH = YES;
				SDKROOT = appletvos;
				SWIFT_COMPILATION_MODE = wholemodule;
				TVOS_DEPLOYMENT_TARGET = 17.4;
				VALIDATE_PRODUCT = YES;
			};
			name = Release;
		};
		94D613232C39D51D009DEF00 /* Debug */ = {
			isa = XCBuildConfiguration;
			buildSettings = {
				ASSETCATALOG_COMPILER_APPICON_NAME = "App Icon & Top Shelf Image";
				ASSETCATALOG_COMPILER_GLOBAL_ACCENT_COLOR_NAME = AccentColor;
				CODE_SIGN_STYLE = Automatic;
				CURRENT_PROJECT_VERSION = 1;
				DEVELOPMENT_ASSET_PATHS = "\"Deadpool/Preview Content\"";
				ENABLE_PREVIEWS = YES;
				GENERATE_INFOPLIST_FILE = YES;
				INFOPLIST_KEY_UILaunchScreen_Generation = YES;
				INFOPLIST_KEY_UIUserInterfaceStyle = Automatic;
				LD_RUNPATH_SEARCH_PATHS = (
					"$(inherited)",
					"@executable_path/Frameworks",
				);
				MARKETING_VERSION = 1.0;
				PRODUCT_BUNDLE_IDENTIFIER = burhan.Deadpool;
				PRODUCT_NAME = "$(TARGET_NAME)";
				SWIFT_EMIT_LOC_STRINGS = YES;
				SWIFT_VERSION = 5.0;
				TARGETED_DEVICE_FAMILY = 3;
			};
			name = Debug;
		};
		94D613242C39D51D009DEF00 /* Release */ = {
			isa = XCBuildConfiguration;
			buildSettings = {
				ASSETCATALOG_COMPILER_APPICON_NAME = "App Icon & Top Shelf Image";
				ASSETCATALOG_COMPILER_GLOBAL_ACCENT_COLOR_NAME = AccentColor;
				CODE_SIGN_STYLE = Automatic;
				CURRENT_PROJECT_VERSION = 1;
				DEVELOPMENT_ASSET_PATHS = "\"Deadpool/Preview Content\"";
				ENABLE_PREVIEWS = YES;
				GENERATE_INFOPLIST_FILE = YES;
				INFOPLIST_KEY_UILaunchScreen_Generation = YES;
				INFOPLIST_KEY_UIUserInterfaceStyle = Automatic;
				LD_RUNPATH_SEARCH_PATHS = (
					"$(inherited)",
					"@executable_path/Frameworks",
				);
				MARKETING_VERSION = 1.0;
				PRODUCT_BUNDLE_IDENTIFIER = burhan.Deadpool;
				PRODUCT_NAME = "$(TARGET_NAME)";
				SWIFT_EMIT_LOC_STRINGS = YES;
				SWIFT_VERSION = 5.0;
				TARGETED_DEVICE_FAMILY = 3;
			};
			name = Release;
		};
		94D613262C39D51D009DEF00 /* Debug */ = {
			isa = XCBuildConfiguration;
			buildSettings = {
				ALWAYS_EMBED_SWIFT_STANDARD_LIBRARIES = YES;
				BUNDLE_LOADER = "$(TEST_HOST)";
				CODE_SIGN_STYLE = Automatic;
				CURRENT_PROJECT_VERSION = 1;
				GENERATE_INFOPLIST_FILE = YES;
				MARKETING_VERSION = 1.0;
				PRODUCT_BUNDLE_IDENTIFIER = burhan.DeadpoolTests;
				PRODUCT_NAME = "$(TARGET_NAME)";
				SWIFT_EMIT_LOC_STRINGS = NO;
				SWIFT_VERSION = 5.0;
				TARGETED_DEVICE_FAMILY = 3;
				TEST_HOST = "$(BUILT_PRODUCTS_DIR)/Deadpool.app/$(BUNDLE_EXECUTABLE_FOLDER_PATH)/Deadpool";
				TVOS_DEPLOYMENT_TARGET = 17.4;
			};
			name = Debug;
		};
		94D613272C39D51D009DEF00 /* Release */ = {
			isa = XCBuildConfiguration;
			buildSettings = {
				ALWAYS_EMBED_SWIFT_STANDARD_LIBRARIES = YES;
				BUNDLE_LOADER = "$(TEST_HOST)";
				CODE_SIGN_STYLE = Automatic;
				CURRENT_PROJECT_VERSION = 1;
				GENERATE_INFOPLIST_FILE = YES;
				MARKETING_VERSION = 1.0;
				PRODUCT_BUNDLE_IDENTIFIER = burhan.DeadpoolTests;
				PRODUCT_NAME = "$(TARGET_NAME)";
				SWIFT_EMIT_LOC_STRINGS = NO;
				SWIFT_VERSION = 5.0;
				TARGETED_DEVICE_FAMILY = 3;
				TEST_HOST = "$(BUILT_PRODUCTS_DIR)/Deadpool.app/$(BUNDLE_EXECUTABLE_FOLDER_PATH)/Deadpool";
				TVOS_DEPLOYMENT_TARGET = 17.4;
			};
			name = Release;
		};
		94D613292C39D51D009DEF00 /* Debug */ = {
			isa = XCBuildConfiguration;
			buildSettings = {
				ALWAYS_EMBED_SWIFT_STANDARD_LIBRARIES = YES;
				CODE_SIGN_STYLE = Automatic;
				CURRENT_PROJECT_VERSION = 1;
				GENERATE_INFOPLIST_FILE = YES;
				MARKETING_VERSION = 1.0;
				PRODUCT_BUNDLE_IDENTIFIER = burhan.DeadpoolUITests;
				PRODUCT_NAME = "$(TARGET_NAME)";
				SWIFT_EMIT_LOC_STRINGS = NO;
				SWIFT_VERSION = 5.0;
				TARGETED_DEVICE_FAMILY = 3;
				TEST_TARGET_NAME = Deadpool;
			};
			name = Debug;
		};
		94D6132A2C39D51D009DEF00 /* Release */ = {
			isa = XCBuildConfiguration;
			buildSettings = {
				ALWAYS_EMBED_SWIFT_STANDARD_LIBRARIES = YES;
				CODE_SIGN_STYLE = Automatic;
				CURRENT_PROJECT_VERSION = 1;
				GENERATE_INFOPLIST_FILE = YES;
				MARKETING_VERSION = 1.0;
				PRODUCT_BUNDLE_IDENTIFIER = burhan.DeadpoolUITests;
				PRODUCT_NAME = "$(TARGET_NAME)";
				SWIFT_EMIT_LOC_STRINGS = NO;
				SWIFT_VERSION = 5.0;
				TARGETED_DEVICE_FAMILY = 3;
				TEST_TARGET_NAME = Deadpool;
			};
			name = Release;
		};
/* End XCBuildConfiguration section */

/* Begin XCConfigurationList section */
		94D612F92C39D51A009DEF00 /* Build configuration list for PBXProject "Deadpool" */ = {
			isa = XCConfigurationList;
			buildConfigurations = (
				94D613202C39D51D009DEF00 /* Debug */,
				94D613212C39D51D009DEF00 /* Release */,
			);
			defaultConfigurationIsVisible = 0;
			defaultConfigurationName = Release;
		};
		94D613222C39D51D009DEF00 /* Build configuration list for PBXNativeTarget "Deadpool" */ = {
			isa = XCConfigurationList;
			buildConfigurations = (
				94D613232C39D51D009DEF00 /* Debug */,
				94D613242C39D51D009DEF00 /* Release */,
			);
			defaultConfigurationIsVisible = 0;
			defaultConfigurationName = Release;
		};
		94D613252C39D51D009DEF00 /* Build configuration list for PBXNativeTarget "DeadpoolTests" */ = {
			isa = XCConfigurationList;
			buildConfigurations = (
				94D613262C39D51D009DEF00 /* Debug */,
				94D613272C39D51D009DEF00 /* Release */,
			);
			defaultConfigurationIsVisible = 0;
			defaultConfigurationName = Release;
		};
		94D613282C39D51D009DEF00 /* Build configuration list for PBXNativeTarget "DeadpoolUITests" */ = {
			isa = XCConfigurationList;
			buildConfigurations = (
				94D613292C39D51D009DEF00 /* Debug */,
				94D6132A2C39D51D009DEF00 /* Release */,
			);
			defaultConfigurationIsVisible = 0;
			defaultConfigurationName = Release;
		};
/* End XCConfigurationList section */
	};
	rootObject = 94D612F62C39D51A009DEF00 /* Project object */;
}
